// !$*UTF8*$!
{
	archiveVersion = 1;
	classes = {
	};
	objectVersion = 52;
	objects = {

/* Begin PBXBuildFile section */
		9A30B24A25E5262200A9C9E8 /* Core in Frameworks */ = {isa = PBXBuildFile; productRef = 9A30B24925E5262200A9C9E8 /* Core */; };
		9A6603B925DA1C8F00DFDDC2 /* FavoriteRouter.swift in Sources */ = {isa = PBXBuildFile; fileRef = 9A6603B825DA1C8F00DFDDC2 /* FavoriteRouter.swift */; };
		9A6603BF25DA1CA200DFDDC2 /* FavoriteView.swift in Sources */ = {isa = PBXBuildFile; fileRef = 9A6603BE25DA1CA200DFDDC2 /* FavoriteView.swift */; };
		9A6603C625DAA7C000DFDDC2 /* ProfileView.swift in Sources */ = {isa = PBXBuildFile; fileRef = 9A6603C525DAA7C000DFDDC2 /* ProfileView.swift */; };
		9A79928A2632DA990029C253 /* NewMoviesUITests.swift in Sources */ = {isa = PBXBuildFile; fileRef = 9A7992892632DA990029C253 /* NewMoviesUITests.swift */; };
		9A79929A2632DAA70029C253 /* NewMoviesTests.swift in Sources */ = {isa = PBXBuildFile; fileRef = 9A7992992632DAA70029C253 /* NewMoviesTests.swift */; };
		9A8F39CA261E023F00735950 /* NewMoviesApp.swift in Sources */ = {isa = PBXBuildFile; fileRef = 9A8F39C9261E023F00735950 /* NewMoviesApp.swift */; };
		9A8F39CD261E02E300735950 /* AppComponent.swift in Sources */ = {isa = PBXBuildFile; fileRef = 9A8F39CC261E02E300735950 /* AppComponent.swift */; };
		9AA49BF3261FF98C00BDA2CD /* Movies in Frameworks */ = {isa = PBXBuildFile; productRef = 9AA49BF2261FF98C00BDA2CD /* Movies */; };
		9ADC92F425E249CC002E9F5D /* RxSwift in Frameworks */ = {isa = PBXBuildFile; productRef = 9ADC92F325E249CC002E9F5D /* RxSwift */; };
		9ADC92F625E249CC002E9F5D /* RxCocoa in Frameworks */ = {isa = PBXBuildFile; productRef = 9ADC92F525E249CC002E9F5D /* RxCocoa */; };
		9ADF561525D9017A00BB0987 /* DetailView.swift in Sources */ = {isa = PBXBuildFile; fileRef = 9ADF561425D9017A00BB0987 /* DetailView.swift */; };
		9ADF561C25D901B100BB0987 /* HomeRouter.swift in Sources */ = {isa = PBXBuildFile; fileRef = 9ADF561B25D901B100BB0987 /* HomeRouter.swift */; };
		B428388825C791FE00B385FF /* ContentView.swift in Sources */ = {isa = PBXBuildFile; fileRef = B428388725C791FE00B385FF /* ContentView.swift */; };
		B428388A25C7920000B385FF /* Assets.xcassets in Resources */ = {isa = PBXBuildFile; fileRef = B428388925C7920000B385FF /* Assets.xcassets */; };
		B428388D25C7920000B385FF /* Preview Assets.xcassets in Resources */ = {isa = PBXBuildFile; fileRef = B428388C25C7920000B385FF /* Preview Assets.xcassets */; };
		B428389725C7963F00B385FF /* SDWebImageSwiftUI in Frameworks */ = {isa = PBXBuildFile; productRef = B428389625C7963F00B385FF /* SDWebImageSwiftUI */; };
		B42838D125C809F000B385FF /* ApiCall.swift in Sources */ = {isa = PBXBuildFile; fileRef = B42838D025C809F000B385FF /* ApiCall.swift */; };
		B42838D725C8130A00B385FF /* CustomError+Ext.swift in Sources */ = {isa = PBXBuildFile; fileRef = B42838D625C8130A00B385FF /* CustomError+Ext.swift */; };
		B42838F525C8499200B385FF /* HomeView.swift in Sources */ = {isa = PBXBuildFile; fileRef = B42838F425C8499200B385FF /* HomeView.swift */; };
		B42838F825C8561400B385FF /* MovieList.swift in Sources */ = {isa = PBXBuildFile; fileRef = B42838F725C8561400B385FF /* MovieList.swift */; };
		B42A90A625D51251002DBA02 /* RingView.swift in Sources */ = {isa = PBXBuildFile; fileRef = B42A90A525D51251002DBA02 /* RingView.swift */; };
		B42A90A925D5716C002DBA02 /* CustomEmptyView.swift in Sources */ = {isa = PBXBuildFile; fileRef = B42A90A825D5716C002DBA02 /* CustomEmptyView.swift */; };
		B42A90AC25D5720D002DBA02 /* LoadingView.swift in Sources */ = {isa = PBXBuildFile; fileRef = B42A90AB25D5720D002DBA02 /* LoadingView.swift */; };
		B42B35A325C94D730021B7D9 /* ColorRandomExt.swift in Sources */ = {isa = PBXBuildFile; fileRef = B42B35A225C94D730021B7D9 /* ColorRandomExt.swift */; };
		B4D1AD5D25D18D0A002B1A3C /* String+Ext.swift in Sources */ = {isa = PBXBuildFile; fileRef = B4D1AD5C25D18D0A002B1A3C /* String+Ext.swift */; };
		B4D1AD6025D18D12002B1A3C /* Date+Ext.swift in Sources */ = {isa = PBXBuildFile; fileRef = B4D1AD5F25D18D12002B1A3C /* Date+Ext.swift */; };
/* End PBXBuildFile section */

/* Begin PBXContainerItemProxy section */
		9A79928C2632DA990029C253 /* PBXContainerItemProxy */ = {
			isa = PBXContainerItemProxy;
			containerPortal = B428387A25C791FE00B385FF /* Project object */;
			proxyType = 1;
			remoteGlobalIDString = B428388125C791FE00B385FF;
			remoteInfo = NewMovies;
		};
		9A79929C2632DAA70029C253 /* PBXContainerItemProxy */ = {
			isa = PBXContainerItemProxy;
			containerPortal = B428387A25C791FE00B385FF /* Project object */;
			proxyType = 1;
			remoteGlobalIDString = B428388125C791FE00B385FF;
			remoteInfo = NewMovies;
		};
/* End PBXContainerItemProxy section */

/* Begin PBXFileReference section */
		9A6603B825DA1C8F00DFDDC2 /* FavoriteRouter.swift */ = {isa = PBXFileReference; lastKnownFileType = sourcecode.swift; path = FavoriteRouter.swift; sourceTree = "<group>"; };
		9A6603BE25DA1CA200DFDDC2 /* FavoriteView.swift */ = {isa = PBXFileReference; lastKnownFileType = sourcecode.swift; path = FavoriteView.swift; sourceTree = "<group>"; };
		9A6603C525DAA7C000DFDDC2 /* ProfileView.swift */ = {isa = PBXFileReference; lastKnownFileType = sourcecode.swift; path = ProfileView.swift; sourceTree = "<group>"; };
		9A7992872632DA980029C253 /* NewMoviesUITests.xctest */ = {isa = PBXFileReference; explicitFileType = wrapper.cfbundle; includeInIndex = 0; path = NewMoviesUITests.xctest; sourceTree = BUILT_PRODUCTS_DIR; };
		9A7992892632DA990029C253 /* NewMoviesUITests.swift */ = {isa = PBXFileReference; lastKnownFileType = sourcecode.swift; path = NewMoviesUITests.swift; sourceTree = "<group>"; };
		9A79928B2632DA990029C253 /* Info.plist */ = {isa = PBXFileReference; lastKnownFileType = text.plist.xml; path = Info.plist; sourceTree = "<group>"; };
		9A7992972632DAA70029C253 /* NewMoviesTests.xctest */ = {isa = PBXFileReference; explicitFileType = wrapper.cfbundle; includeInIndex = 0; path = NewMoviesTests.xctest; sourceTree = BUILT_PRODUCTS_DIR; };
		9A7992992632DAA70029C253 /* NewMoviesTests.swift */ = {isa = PBXFileReference; lastKnownFileType = sourcecode.swift; path = NewMoviesTests.swift; sourceTree = "<group>"; };
		9A79929B2632DAA70029C253 /* Info.plist */ = {isa = PBXFileReference; lastKnownFileType = text.plist.xml; path = Info.plist; sourceTree = "<group>"; };
		9A8F39C9261E023F00735950 /* NewMoviesApp.swift */ = {isa = PBXFileReference; lastKnownFileType = sourcecode.swift; path = NewMoviesApp.swift; sourceTree = "<group>"; };
		9A8F39CC261E02E300735950 /* AppComponent.swift */ = {isa = PBXFileReference; lastKnownFileType = sourcecode.swift; path = AppComponent.swift; sourceTree = "<group>"; };
		9ADF561425D9017A00BB0987 /* DetailView.swift */ = {isa = PBXFileReference; lastKnownFileType = sourcecode.swift; path = DetailView.swift; sourceTree = "<group>"; };
		9ADF561B25D901B100BB0987 /* HomeRouter.swift */ = {isa = PBXFileReference; lastKnownFileType = sourcecode.swift; path = HomeRouter.swift; sourceTree = "<group>"; };
		B428388225C791FE00B385FF /* NewMovies.app */ = {isa = PBXFileReference; explicitFileType = wrapper.application; includeInIndex = 0; path = NewMovies.app; sourceTree = BUILT_PRODUCTS_DIR; };
		B428388725C791FE00B385FF /* ContentView.swift */ = {isa = PBXFileReference; lastKnownFileType = sourcecode.swift; path = ContentView.swift; sourceTree = "<group>"; };
		B428388925C7920000B385FF /* Assets.xcassets */ = {isa = PBXFileReference; lastKnownFileType = folder.assetcatalog; path = Assets.xcassets; sourceTree = "<group>"; };
		B428388C25C7920000B385FF /* Preview Assets.xcassets */ = {isa = PBXFileReference; lastKnownFileType = folder.assetcatalog; path = "Preview Assets.xcassets"; sourceTree = "<group>"; };
		B428388E25C7920000B385FF /* Info.plist */ = {isa = PBXFileReference; lastKnownFileType = text.plist.xml; path = Info.plist; sourceTree = "<group>"; };
		B42838D025C809F000B385FF /* ApiCall.swift */ = {isa = PBXFileReference; lastKnownFileType = sourcecode.swift; path = ApiCall.swift; sourceTree = "<group>"; };
		B42838D625C8130A00B385FF /* CustomError+Ext.swift */ = {isa = PBXFileReference; lastKnownFileType = sourcecode.swift; path = "CustomError+Ext.swift"; sourceTree = "<group>"; };
		B42838F425C8499200B385FF /* HomeView.swift */ = {isa = PBXFileReference; lastKnownFileType = sourcecode.swift; path = HomeView.swift; sourceTree = "<group>"; };
		B42838F725C8561400B385FF /* MovieList.swift */ = {isa = PBXFileReference; lastKnownFileType = sourcecode.swift; path = MovieList.swift; sourceTree = "<group>"; };
		B42A90A525D51251002DBA02 /* RingView.swift */ = {isa = PBXFileReference; lastKnownFileType = sourcecode.swift; path = RingView.swift; sourceTree = "<group>"; };
		B42A90A825D5716C002DBA02 /* CustomEmptyView.swift */ = {isa = PBXFileReference; lastKnownFileType = sourcecode.swift; path = CustomEmptyView.swift; sourceTree = "<group>"; };
		B42A90AB25D5720D002DBA02 /* LoadingView.swift */ = {isa = PBXFileReference; lastKnownFileType = sourcecode.swift; path = LoadingView.swift; sourceTree = "<group>"; };
		B42B35A225C94D730021B7D9 /* ColorRandomExt.swift */ = {isa = PBXFileReference; lastKnownFileType = sourcecode.swift; path = ColorRandomExt.swift; sourceTree = "<group>"; };
		B4D1AD5C25D18D0A002B1A3C /* String+Ext.swift */ = {isa = PBXFileReference; lastKnownFileType = sourcecode.swift; path = "String+Ext.swift"; sourceTree = "<group>"; };
		B4D1AD5F25D18D12002B1A3C /* Date+Ext.swift */ = {isa = PBXFileReference; lastKnownFileType = sourcecode.swift; path = "Date+Ext.swift"; sourceTree = "<group>"; };
/* End PBXFileReference section */

/* Begin PBXFrameworksBuildPhase section */
		9A7992842632DA980029C253 /* Frameworks */ = {
			isa = PBXFrameworksBuildPhase;
			buildActionMask = 2147483647;
			files = (
			);
			runOnlyForDeploymentPostprocessing = 0;
		};
		9A7992942632DAA70029C253 /* Frameworks */ = {
			isa = PBXFrameworksBuildPhase;
			buildActionMask = 2147483647;
			files = (
			);
			runOnlyForDeploymentPostprocessing = 0;
		};
		B428387F25C791FE00B385FF /* Frameworks */ = {
			isa = PBXFrameworksBuildPhase;
			buildActionMask = 2147483647;
			files = (
				9AA49BF3261FF98C00BDA2CD /* Movies in Frameworks */,
				B428389725C7963F00B385FF /* SDWebImageSwiftUI in Frameworks */,
				9A30B24A25E5262200A9C9E8 /* Core in Frameworks */,
				9ADC92F625E249CC002E9F5D /* RxCocoa in Frameworks */,
				9ADC92F425E249CC002E9F5D /* RxSwift in Frameworks */,
			);
			runOnlyForDeploymentPostprocessing = 0;
		};
/* End PBXFrameworksBuildPhase section */

/* Begin PBXGroup section */
		9A05622F25E16D7400D5D4B2 /* Frameworks */ = {
			isa = PBXGroup;
			children = (
			);
			name = Frameworks;
			sourceTree = "<group>";
		};
		9A6603B125DA1C4900DFDDC2 /* View */ = {
			isa = PBXGroup;
			children = (
				9A6603BE25DA1CA200DFDDC2 /* FavoriteView.swift */,
			);
			path = View;
			sourceTree = "<group>";
		};
		9A6603B325DA1C5600DFDDC2 /* Router */ = {
			isa = PBXGroup;
			children = (
				9A6603B825DA1C8F00DFDDC2 /* FavoriteRouter.swift */,
			);
			path = Router;
			sourceTree = "<group>";
		};
		9A6603C425DAA7AA00DFDDC2 /* Profile */ = {
			isa = PBXGroup;
			children = (
				9A6603C525DAA7C000DFDDC2 /* ProfileView.swift */,
			);
			path = Profile;
			sourceTree = "<group>";
		};
		9A7992882632DA990029C253 /* NewMoviesUITests */ = {
			isa = PBXGroup;
			children = (
				9A7992892632DA990029C253 /* NewMoviesUITests.swift */,
				9A79928B2632DA990029C253 /* Info.plist */,
			);
			path = NewMoviesUITests;
			sourceTree = "<group>";
		};
		9A7992982632DAA70029C253 /* NewMoviesTests */ = {
			isa = PBXGroup;
			children = (
				9A7992992632DAA70029C253 /* NewMoviesTests.swift */,
				9A79929B2632DAA70029C253 /* Info.plist */,
			);
			path = NewMoviesTests;
			sourceTree = "<group>";
		};
		9ADF560C25D8FF0B00BB0987 /* Router */ = {
			isa = PBXGroup;
			children = (
				9ADF561B25D901B100BB0987 /* HomeRouter.swift */,
			);
			path = Router;
			sourceTree = "<group>";
		};
		9ADF561025D9015A00BB0987 /* Detail */ = {
			isa = PBXGroup;
			children = (
				9ADF561225D9016500BB0987 /* View */,
			);
			path = Detail;
			sourceTree = "<group>";
		};
		9ADF561125D9015F00BB0987 /* Favorite */ = {
			isa = PBXGroup;
			children = (
				9A6603B325DA1C5600DFDDC2 /* Router */,
				9A6603B125DA1C4900DFDDC2 /* View */,
			);
			path = Favorite;
			sourceTree = "<group>";
		};
		9ADF561225D9016500BB0987 /* View */ = {
			isa = PBXGroup;
			children = (
				9ADF561425D9017A00BB0987 /* DetailView.swift */,
			);
			path = View;
			sourceTree = "<group>";
		};
		B428387925C791FE00B385FF = {
			isa = PBXGroup;
			children = (
				B428388425C791FE00B385FF /* NewMovies */,
				9A7992882632DA990029C253 /* NewMoviesUITests */,
				9A7992982632DAA70029C253 /* NewMoviesTests */,
				B428388325C791FE00B385FF /* Products */,
				9A05622F25E16D7400D5D4B2 /* Frameworks */,
			);
			sourceTree = "<group>";
		};
		B428388325C791FE00B385FF /* Products */ = {
			isa = PBXGroup;
			children = (
				B428388225C791FE00B385FF /* NewMovies.app */,
				9A7992872632DA980029C253 /* NewMoviesUITests.xctest */,
				9A7992972632DAA70029C253 /* NewMoviesTests.xctest */,
			);
			name = Products;
			sourceTree = "<group>";
		};
		B428388425C791FE00B385FF /* NewMovies */ = {
			isa = PBXGroup;
			children = (
				B42838AF25C7985B00B385FF /* App */,
				B42838B025C7986B00B385FF /* Core */,
				B42838B125C7987300B385FF /* Module */,
				B428388925C7920000B385FF /* Assets.xcassets */,
				B428388E25C7920000B385FF /* Info.plist */,
				B428388B25C7920000B385FF /* Preview Content */,
			);
			path = NewMovies;
			sourceTree = "<group>";
		};
		B428388B25C7920000B385FF /* Preview Content */ = {
			isa = PBXGroup;
			children = (
				B428388C25C7920000B385FF /* Preview Assets.xcassets */,
			);
			path = "Preview Content";
			sourceTree = "<group>";
		};
		B42838AF25C7985B00B385FF /* App */ = {
			isa = PBXGroup;
			children = (
				B428388725C791FE00B385FF /* ContentView.swift */,
				9A8F39C9261E023F00735950 /* NewMoviesApp.swift */,
			);
			path = App;
			sourceTree = "<group>";
		};
		B42838B025C7986B00B385FF /* Core */ = {
			isa = PBXGroup;
			children = (
				B42838B325C7998B00B385FF /* DI */,
				B42838B525C7999300B385FF /* Utils */,
			);
			path = Core;
			sourceTree = "<group>";
		};
		B42838B125C7987300B385FF /* Module */ = {
			isa = PBXGroup;
			children = (
				9A6603C425DAA7AA00DFDDC2 /* Profile */,
				9ADF561125D9015F00BB0987 /* Favorite */,
				9ADF561025D9015A00BB0987 /* Detail */,
				B42838ED25C8497200B385FF /* Home */,
			);
			path = Module;
			sourceTree = "<group>";
		};
		B42838B325C7998B00B385FF /* DI */ = {
			isa = PBXGroup;
			children = (
				9A8F39CC261E02E300735950 /* AppComponent.swift */,
			);
			path = DI;
			sourceTree = "<group>";
		};
		B42838B525C7999300B385FF /* Utils */ = {
			isa = PBXGroup;
			children = (
				B42838CC25C7FA8100B385FF /* Component */,
				B42838CB25C7FA7800B385FF /* Extensions */,
				B42838CA25C7FA7100B385FF /* Network */,
			);
			path = Utils;
			sourceTree = "<group>";
		};
		B42838CA25C7FA7100B385FF /* Network */ = {
			isa = PBXGroup;
			children = (
				B42838D025C809F000B385FF /* ApiCall.swift */,
			);
			path = Network;
			sourceTree = "<group>";
		};
		B42838CB25C7FA7800B385FF /* Extensions */ = {
			isa = PBXGroup;
			children = (
				B42838D625C8130A00B385FF /* CustomError+Ext.swift */,
				B42B35A225C94D730021B7D9 /* ColorRandomExt.swift */,
				B4D1AD5C25D18D0A002B1A3C /* String+Ext.swift */,
				B4D1AD5F25D18D12002B1A3C /* Date+Ext.swift */,
			);
			path = Extensions;
			sourceTree = "<group>";
		};
		B42838CC25C7FA8100B385FF /* Component */ = {
			isa = PBXGroup;
			children = (
				B42A90A825D5716C002DBA02 /* CustomEmptyView.swift */,
				B42A90AB25D5720D002DBA02 /* LoadingView.swift */,
				B42838F725C8561400B385FF /* MovieList.swift */,
				B42A90A525D51251002DBA02 /* RingView.swift */,
			);
			path = Component;
			sourceTree = "<group>";
		};
		B42838ED25C8497200B385FF /* Home */ = {
			isa = PBXGroup;
			children = (
				9ADF560C25D8FF0B00BB0987 /* Router */,
				B42838EF25C8497E00B385FF /* View */,
			);
			path = Home;
			sourceTree = "<group>";
		};
		B42838EF25C8497E00B385FF /* View */ = {
			isa = PBXGroup;
			children = (
				B42838F425C8499200B385FF /* HomeView.swift */,
			);
			path = View;
			sourceTree = "<group>";
		};
/* End PBXGroup section */

/* Begin PBXNativeTarget section */
		9A7992862632DA980029C253 /* NewMoviesUITests */ = {
			isa = PBXNativeTarget;
			buildConfigurationList = 9A79928E2632DA990029C253 /* Build configuration list for PBXNativeTarget "NewMoviesUITests" */;
			buildPhases = (
				9A7992832632DA980029C253 /* Sources */,
				9A7992842632DA980029C253 /* Frameworks */,
				9A7992852632DA980029C253 /* Resources */,
			);
			buildRules = (
			);
			dependencies = (
				9A79928D2632DA990029C253 /* PBXTargetDependency */,
			);
			name = NewMoviesUITests;
			productName = NewMoviesUITests;
			productReference = 9A7992872632DA980029C253 /* NewMoviesUITests.xctest */;
			productType = "com.apple.product-type.bundle.ui-testing";
		};
		9A7992962632DAA70029C253 /* NewMoviesTests */ = {
			isa = PBXNativeTarget;
			buildConfigurationList = 9A79929E2632DAA70029C253 /* Build configuration list for PBXNativeTarget "NewMoviesTests" */;
			buildPhases = (
				9A7992932632DAA70029C253 /* Sources */,
				9A7992942632DAA70029C253 /* Frameworks */,
				9A7992952632DAA70029C253 /* Resources */,
			);
			buildRules = (
			);
			dependencies = (
				9A79929D2632DAA70029C253 /* PBXTargetDependency */,
			);
			name = NewMoviesTests;
			productName = NewMoviesTests;
			productReference = 9A7992972632DAA70029C253 /* NewMoviesTests.xctest */;
			productType = "com.apple.product-type.bundle.unit-test";
		};
		B428388125C791FE00B385FF /* NewMovies */ = {
			isa = PBXNativeTarget;
			buildConfigurationList = B428389125C7920000B385FF /* Build configuration list for PBXNativeTarget "NewMovies" */;
			buildPhases = (
				B428387E25C791FE00B385FF /* Sources */,
				B428387F25C791FE00B385FF /* Frameworks */,
				B428388025C791FE00B385FF /* Resources */,
				9A05621B25E110A000D5D4B2 /* ShellScript */,
			);
			buildRules = (
			);
			dependencies = (
			);
			name = NewMovies;
			packageProductDependencies = (
				B428389625C7963F00B385FF /* SDWebImageSwiftUI */,
				9ADC92F325E249CC002E9F5D /* RxSwift */,
				9ADC92F525E249CC002E9F5D /* RxCocoa */,
				9A30B24925E5262200A9C9E8 /* Core */,
				9AA49BF2261FF98C00BDA2CD /* Movies */,
			);
			productName = NewMovies;
			productReference = B428388225C791FE00B385FF /* NewMovies.app */;
			productType = "com.apple.product-type.application";
		};
/* End PBXNativeTarget section */

/* Begin PBXProject section */
		B428387A25C791FE00B385FF /* Project object */ = {
			isa = PBXProject;
			attributes = {
				LastSwiftUpdateCheck = 1240;
				LastUpgradeCheck = 1240;
				TargetAttributes = {
					9A7992862632DA980029C253 = {
						CreatedOnToolsVersion = 12.4;
						TestTargetID = B428388125C791FE00B385FF;
					};
					9A7992962632DAA70029C253 = {
						CreatedOnToolsVersion = 12.4;
						TestTargetID = B428388125C791FE00B385FF;
					};
					B428388125C791FE00B385FF = {
						CreatedOnToolsVersion = 12.4;
					};
				};
			};
			buildConfigurationList = B428387D25C791FE00B385FF /* Build configuration list for PBXProject "NewMovies" */;
			compatibilityVersion = "Xcode 9.3";
			developmentRegion = en;
			hasScannedForEncodings = 0;
			knownRegions = (
				en,
				Base,
			);
			mainGroup = B428387925C791FE00B385FF;
			packageReferences = (
				B428389525C7963F00B385FF /* XCRemoteSwiftPackageReference "SDWebImageSwiftUI" */,
				9ADC92F225E249CC002E9F5D /* XCRemoteSwiftPackageReference "RxSwift" */,
				9A30B24825E5262200A9C9E8 /* XCRemoteSwiftPackageReference "TMDb_Swift-core-package" */,
				9AA49BF1261FF98C00BDA2CD /* XCRemoteSwiftPackageReference "TMDB_Swift-Movies-Package" */,
			);
			productRefGroup = B428388325C791FE00B385FF /* Products */;
			projectDirPath = "";
			projectRoot = "";
			targets = (
				B428388125C791FE00B385FF /* NewMovies */,
				9A7992862632DA980029C253 /* NewMoviesUITests */,
				9A7992962632DAA70029C253 /* NewMoviesTests */,
			);
		};
/* End PBXProject section */

/* Begin PBXResourcesBuildPhase section */
		9A7992852632DA980029C253 /* Resources */ = {
			isa = PBXResourcesBuildPhase;
			buildActionMask = 2147483647;
			files = (
			);
			runOnlyForDeploymentPostprocessing = 0;
		};
		9A7992952632DAA70029C253 /* Resources */ = {
			isa = PBXResourcesBuildPhase;
			buildActionMask = 2147483647;
			files = (
			);
			runOnlyForDeploymentPostprocessing = 0;
		};
		B428388025C791FE00B385FF /* Resources */ = {
			isa = PBXResourcesBuildPhase;
			buildActionMask = 2147483647;
			files = (
				B428388D25C7920000B385FF /* Preview Assets.xcassets in Resources */,
				B428388A25C7920000B385FF /* Assets.xcassets in Resources */,
			);
			runOnlyForDeploymentPostprocessing = 0;
		};
/* End PBXResourcesBuildPhase section */

/* Begin PBXShellScriptBuildPhase section */
		9A05621B25E110A000D5D4B2 /* ShellScript */ = {
			isa = PBXShellScriptBuildPhase;
			buildActionMask = 2147483647;
			files = (
			);
			inputFileListPaths = (
			);
			inputPaths = (
			);
			outputFileListPaths = (
			);
			outputPaths = (
			);
			runOnlyForDeploymentPostprocessing = 0;
			shellPath = /bin/sh;
			shellScript = "
";
		};
/* End PBXShellScriptBuildPhase section */

/* Begin PBXSourcesBuildPhase section */
		9A7992832632DA980029C253 /* Sources */ = {
			isa = PBXSourcesBuildPhase;
			buildActionMask = 2147483647;
			files = (
				9A79928A2632DA990029C253 /* NewMoviesUITests.swift in Sources */,
			);
			runOnlyForDeploymentPostprocessing = 0;
		};
		9A7992932632DAA70029C253 /* Sources */ = {
			isa = PBXSourcesBuildPhase;
			buildActionMask = 2147483647;
			files = (
				9A79929A2632DAA70029C253 /* NewMoviesTests.swift in Sources */,
			);
			runOnlyForDeploymentPostprocessing = 0;
		};
		B428387E25C791FE00B385FF /* Sources */ = {
			isa = PBXSourcesBuildPhase;
			buildActionMask = 2147483647;
			files = (
				B4D1AD5D25D18D0A002B1A3C /* String+Ext.swift in Sources */,
				9ADF561525D9017A00BB0987 /* DetailView.swift in Sources */,
				B42B35A325C94D730021B7D9 /* ColorRandomExt.swift in Sources */,
				B42A90A925D5716C002DBA02 /* CustomEmptyView.swift in Sources */,
				B42838F525C8499200B385FF /* HomeView.swift in Sources */,
				9A8F39CA261E023F00735950 /* NewMoviesApp.swift in Sources */,
				B42838D725C8130A00B385FF /* CustomError+Ext.swift in Sources */,
				B42838F825C8561400B385FF /* MovieList.swift in Sources */,
				B4D1AD6025D18D12002B1A3C /* Date+Ext.swift in Sources */,
				B428388825C791FE00B385FF /* ContentView.swift in Sources */,
				9A6603B925DA1C8F00DFDDC2 /* FavoriteRouter.swift in Sources */,
				9ADF561C25D901B100BB0987 /* HomeRouter.swift in Sources */,
				9A6603C625DAA7C000DFDDC2 /* ProfileView.swift in Sources */,
				B42838D125C809F000B385FF /* ApiCall.swift in Sources */,
				9A8F39CD261E02E300735950 /* AppComponent.swift in Sources */,
				B42A90A625D51251002DBA02 /* RingView.swift in Sources */,
				9A6603BF25DA1CA200DFDDC2 /* FavoriteView.swift in Sources */,
				B42A90AC25D5720D002DBA02 /* LoadingView.swift in Sources */,
			);
			runOnlyForDeploymentPostprocessing = 0;
		};
/* End PBXSourcesBuildPhase section */

/* Begin PBXTargetDependency section */
		9A79928D2632DA990029C253 /* PBXTargetDependency */ = {
			isa = PBXTargetDependency;
			target = B428388125C791FE00B385FF /* NewMovies */;
			targetProxy = 9A79928C2632DA990029C253 /* PBXContainerItemProxy */;
		};
		9A79929D2632DAA70029C253 /* PBXTargetDependency */ = {
			isa = PBXTargetDependency;
			target = B428388125C791FE00B385FF /* NewMovies */;
			targetProxy = 9A79929C2632DAA70029C253 /* PBXContainerItemProxy */;
		};
/* End PBXTargetDependency section */

/* Begin XCBuildConfiguration section */
		9A79928F2632DA990029C253 /* Debug */ = {
			isa = XCBuildConfiguration;
			buildSettings = {
				CODE_SIGN_STYLE = Automatic;
				DEVELOPMENT_TEAM = H443SZWX2N;
				INFOPLIST_FILE = NewMoviesUITests/Info.plist;
				LD_RUNPATH_SEARCH_PATHS = (
					"$(inherited)",
					"@executable_path/Frameworks",
					"@loader_path/Frameworks",
				);
				PRODUCT_BUNDLE_IDENTIFIER = com.zeroemotion.NewMoviesUITests;
				PRODUCT_NAME = "$(TARGET_NAME)";
				SWIFT_VERSION = 5.0;
				TARGETED_DEVICE_FAMILY = "1,2";
				TEST_TARGET_NAME = NewMovies;
			};
			name = Debug;
		};
		9A7992902632DA990029C253 /* Release */ = {
			isa = XCBuildConfiguration;
			buildSettings = {
				CODE_SIGN_STYLE = Automatic;
				DEVELOPMENT_TEAM = H443SZWX2N;
				INFOPLIST_FILE = NewMoviesUITests/Info.plist;
				LD_RUNPATH_SEARCH_PATHS = (
					"$(inherited)",
					"@executable_path/Frameworks",
					"@loader_path/Frameworks",
				);
				PRODUCT_BUNDLE_IDENTIFIER = com.zeroemotion.NewMoviesUITests;
				PRODUCT_NAME = "$(TARGET_NAME)";
				SWIFT_VERSION = 5.0;
				TARGETED_DEVICE_FAMILY = "1,2";
				TEST_TARGET_NAME = NewMovies;
			};
			name = Release;
		};
		9A79929F2632DAA70029C253 /* Debug */ = {
			isa = XCBuildConfiguration;
			buildSettings = {
				BUNDLE_LOADER = "$(TEST_HOST)";
				CODE_SIGN_STYLE = Automatic;
				DEVELOPMENT_TEAM = H443SZWX2N;
				INFOPLIST_FILE = NewMoviesTests/Info.plist;
				LD_RUNPATH_SEARCH_PATHS = (
					"$(inherited)",
					"@executable_path/Frameworks",
					"@loader_path/Frameworks",
				);
				PRODUCT_BUNDLE_IDENTIFIER = com.zeroemotion.NewMoviesTests;
				PRODUCT_NAME = "$(TARGET_NAME)";
				SWIFT_VERSION = 5.0;
				TARGETED_DEVICE_FAMILY = "1,2";
				TEST_HOST = "$(BUILT_PRODUCTS_DIR)/NewMovies.app/NewMovies";
			};
			name = Debug;
		};
		9A7992A02632DAA70029C253 /* Release */ = {
			isa = XCBuildConfiguration;
			buildSettings = {
				BUNDLE_LOADER = "$(TEST_HOST)";
				CODE_SIGN_STYLE = Automatic;
				DEVELOPMENT_TEAM = H443SZWX2N;
				INFOPLIST_FILE = NewMoviesTests/Info.plist;
				LD_RUNPATH_SEARCH_PATHS = (
					"$(inherited)",
					"@executable_path/Frameworks",
					"@loader_path/Frameworks",
				);
				PRODUCT_BUNDLE_IDENTIFIER = com.zeroemotion.NewMoviesTests;
				PRODUCT_NAME = "$(TARGET_NAME)";
				SWIFT_VERSION = 5.0;
				TARGETED_DEVICE_FAMILY = "1,2";
				TEST_HOST = "$(BUILT_PRODUCTS_DIR)/NewMovies.app/NewMovies";
			};
			name = Release;
		};
		B428388F25C7920000B385FF /* Debug */ = {
			isa = XCBuildConfiguration;
			buildSettings = {
				ALWAYS_SEARCH_USER_PATHS = NO;
				CLANG_ANALYZER_NONNULL = YES;
				CLANG_ANALYZER_NUMBER_OBJECT_CONVERSION = YES_AGGRESSIVE;
				CLANG_CXX_LANGUAGE_STANDARD = "gnu++14";
				CLANG_CXX_LIBRARY = "libc++";
				CLANG_ENABLE_MODULES = YES;
				CLANG_ENABLE_OBJC_ARC = YES;
				CLANG_ENABLE_OBJC_WEAK = YES;
				CLANG_WARN_BLOCK_CAPTURE_AUTORELEASING = YES;
				CLANG_WARN_BOOL_CONVERSION = YES;
				CLANG_WARN_COMMA = YES;
				CLANG_WARN_CONSTANT_CONVERSION = YES;
				CLANG_WARN_DEPRECATED_OBJC_IMPLEMENTATIONS = YES;
				CLANG_WARN_DIRECT_OBJC_ISA_USAGE = YES_ERROR;
				CLANG_WARN_DOCUMENTATION_COMMENTS = YES;
				CLANG_WARN_EMPTY_BODY = YES;
				CLANG_WARN_ENUM_CONVERSION = YES;
				CLANG_WARN_INFINITE_RECURSION = YES;
				CLANG_WARN_INT_CONVERSION = YES;
				CLANG_WARN_NON_LITERAL_NULL_CONVERSION = YES;
				CLANG_WARN_OBJC_IMPLICIT_RETAIN_SELF = YES;
				CLANG_WARN_OBJC_LITERAL_CONVERSION = YES;
				CLANG_WARN_OBJC_ROOT_CLASS = YES_ERROR;
				CLANG_WARN_QUOTED_INCLUDE_IN_FRAMEWORK_HEADER = YES;
				CLANG_WARN_RANGE_LOOP_ANALYSIS = YES;
				CLANG_WARN_STRICT_PROTOTYPES = YES;
				CLANG_WARN_SUSPICIOUS_MOVE = YES;
				CLANG_WARN_UNGUARDED_AVAILABILITY = YES_AGGRESSIVE;
				CLANG_WARN_UNREACHABLE_CODE = YES;
				CLANG_WARN__DUPLICATE_METHOD_MATCH = YES;
				COPY_PHASE_STRIP = NO;
				DEBUG_INFORMATION_FORMAT = dwarf;
				ENABLE_STRICT_OBJC_MSGSEND = YES;
				ENABLE_TESTABILITY = YES;
				GCC_C_LANGUAGE_STANDARD = gnu11;
				GCC_DYNAMIC_NO_PIC = NO;
				GCC_NO_COMMON_BLOCKS = YES;
				GCC_OPTIMIZATION_LEVEL = 0;
				GCC_PREPROCESSOR_DEFINITIONS = (
					"DEBUG=1",
					"$(inherited)",
				);
				GCC_WARN_64_TO_32_BIT_CONVERSION = YES;
				GCC_WARN_ABOUT_RETURN_TYPE = YES_ERROR;
				GCC_WARN_UNDECLARED_SELECTOR = YES;
				GCC_WARN_UNINITIALIZED_AUTOS = YES_AGGRESSIVE;
				GCC_WARN_UNUSED_FUNCTION = YES;
				GCC_WARN_UNUSED_VARIABLE = YES;
				IPHONEOS_DEPLOYMENT_TARGET = 14.0;
				MTL_ENABLE_DEBUG_INFO = INCLUDE_SOURCE;
				MTL_FAST_MATH = YES;
				ONLY_ACTIVE_ARCH = YES;
				SDKROOT = iphoneos;
				SWIFT_ACTIVE_COMPILATION_CONDITIONS = DEBUG;
				SWIFT_OPTIMIZATION_LEVEL = "-Onone";
			};
			name = Debug;
		};
		B428389025C7920000B385FF /* Release */ = {
			isa = XCBuildConfiguration;
			buildSettings = {
				ALWAYS_SEARCH_USER_PATHS = NO;
				CLANG_ANALYZER_NONNULL = YES;
				CLANG_ANALYZER_NUMBER_OBJECT_CONVERSION = YES_AGGRESSIVE;
				CLANG_CXX_LANGUAGE_STANDARD = "gnu++14";
				CLANG_CXX_LIBRARY = "libc++";
				CLANG_ENABLE_MODULES = YES;
				CLANG_ENABLE_OBJC_ARC = YES;
				CLANG_ENABLE_OBJC_WEAK = YES;
				CLANG_WARN_BLOCK_CAPTURE_AUTORELEASING = YES;
				CLANG_WARN_BOOL_CONVERSION = YES;
				CLANG_WARN_COMMA = YES;
				CLANG_WARN_CONSTANT_CONVERSION = YES;
				CLANG_WARN_DEPRECATED_OBJC_IMPLEMENTATIONS = YES;
				CLANG_WARN_DIRECT_OBJC_ISA_USAGE = YES_ERROR;
				CLANG_WARN_DOCUMENTATION_COMMENTS = YES;
				CLANG_WARN_EMPTY_BODY = YES;
				CLANG_WARN_ENUM_CONVERSION = YES;
				CLANG_WARN_INFINITE_RECURSION = YES;
				CLANG_WARN_INT_CONVERSION = YES;
				CLANG_WARN_NON_LITERAL_NULL_CONVERSION = YES;
				CLANG_WARN_OBJC_IMPLICIT_RETAIN_SELF = YES;
				CLANG_WARN_OBJC_LITERAL_CONVERSION = YES;
				CLANG_WARN_OBJC_ROOT_CLASS = YES_ERROR;
				CLANG_WARN_QUOTED_INCLUDE_IN_FRAMEWORK_HEADER = YES;
				CLANG_WARN_RANGE_LOOP_ANALYSIS = YES;
				CLANG_WARN_STRICT_PROTOTYPES = YES;
				CLANG_WARN_SUSPICIOUS_MOVE = YES;
				CLANG_WARN_UNGUARDED_AVAILABILITY = YES_AGGRESSIVE;
				CLANG_WARN_UNREACHABLE_CODE = YES;
				CLANG_WARN__DUPLICATE_METHOD_MATCH = YES;
				COPY_PHASE_STRIP = NO;
				DEBUG_INFORMATION_FORMAT = "dwarf-with-dsym";
				ENABLE_NS_ASSERTIONS = NO;
				ENABLE_STRICT_OBJC_MSGSEND = YES;
				GCC_C_LANGUAGE_STANDARD = gnu11;
				GCC_NO_COMMON_BLOCKS = YES;
				GCC_WARN_64_TO_32_BIT_CONVERSION = YES;
				GCC_WARN_ABOUT_RETURN_TYPE = YES_ERROR;
				GCC_WARN_UNDECLARED_SELECTOR = YES;
				GCC_WARN_UNINITIALIZED_AUTOS = YES_AGGRESSIVE;
				GCC_WARN_UNUSED_FUNCTION = YES;
				GCC_WARN_UNUSED_VARIABLE = YES;
				IPHONEOS_DEPLOYMENT_TARGET = 14.0;
				MTL_ENABLE_DEBUG_INFO = NO;
				MTL_FAST_MATH = YES;
				SDKROOT = iphoneos;
				SWIFT_COMPILATION_MODE = wholemodule;
				SWIFT_OPTIMIZATION_LEVEL = "-O";
				VALIDATE_PRODUCT = YES;
			};
			name = Release;
		};
		B428389225C7920000B385FF /* Debug */ = {
			isa = XCBuildConfiguration;
			buildSettings = {
				ASSETCATALOG_COMPILER_APPICON_NAME = AppIcon;
				ASSETCATALOG_COMPILER_GLOBAL_ACCENT_COLOR_NAME = AccentColor;
				CODE_SIGN_STYLE = Automatic;
				DEVELOPMENT_ASSET_PATHS = "\"NewMovies/Preview Content\"";
				DEVELOPMENT_TEAM = H443SZWX2N;
				ENABLE_PREVIEWS = YES;
				INFOPLIST_FILE = NewMovies/Info.plist;
				IPHONEOS_DEPLOYMENT_TARGET = 14.0;
				LD_RUNPATH_SEARCH_PATHS = (
					"$(inherited)",
					"@executable_path/Frameworks",
				);
				PRODUCT_BUNDLE_IDENTIFIER = com.zeroemotion.apps.NewMovies;
				PRODUCT_NAME = "$(TARGET_NAME)";
				SWIFT_VERSION = 5.0;
				TARGETED_DEVICE_FAMILY = "1,2";
			};
			name = Debug;
		};
		B428389325C7920000B385FF /* Release */ = {
			isa = XCBuildConfiguration;
			buildSettings = {
				ASSETCATALOG_COMPILER_APPICON_NAME = AppIcon;
				ASSETCATALOG_COMPILER_GLOBAL_ACCENT_COLOR_NAME = AccentColor;
				CODE_SIGN_STYLE = Automatic;
				DEVELOPMENT_ASSET_PATHS = "\"NewMovies/Preview Content\"";
				DEVELOPMENT_TEAM = H443SZWX2N;
				ENABLE_PREVIEWS = YES;
				INFOPLIST_FILE = NewMovies/Info.plist;
				IPHONEOS_DEPLOYMENT_TARGET = 14.0;
				LD_RUNPATH_SEARCH_PATHS = (
					"$(inherited)",
					"@executable_path/Frameworks",
				);
				PRODUCT_BUNDLE_IDENTIFIER = com.zeroemotion.apps.NewMovies;
				PRODUCT_NAME = "$(TARGET_NAME)";
				SWIFT_VERSION = 5.0;
				TARGETED_DEVICE_FAMILY = "1,2";
			};
			name = Release;
		};
/* End XCBuildConfiguration section */

/* Begin XCConfigurationList section */
		9A79928E2632DA990029C253 /* Build configuration list for PBXNativeTarget "NewMoviesUITests" */ = {
			isa = XCConfigurationList;
			buildConfigurations = (
				9A79928F2632DA990029C253 /* Debug */,
				9A7992902632DA990029C253 /* Release */,
			);
			defaultConfigurationIsVisible = 0;
			defaultConfigurationName = Release;
		};
		9A79929E2632DAA70029C253 /* Build configuration list for PBXNativeTarget "NewMoviesTests" */ = {
			isa = XCConfigurationList;
			buildConfigurations = (
				9A79929F2632DAA70029C253 /* Debug */,
				9A7992A02632DAA70029C253 /* Release */,
			);
			defaultConfigurationIsVisible = 0;
			defaultConfigurationName = Release;
		};
		B428387D25C791FE00B385FF /* Build configuration list for PBXProject "NewMovies" */ = {
			isa = XCConfigurationList;
			buildConfigurations = (
				B428388F25C7920000B385FF /* Debug */,
				B428389025C7920000B385FF /* Release */,
			);
			defaultConfigurationIsVisible = 0;
			defaultConfigurationName = Release;
		};
		B428389125C7920000B385FF /* Build configuration list for PBXNativeTarget "NewMovies" */ = {
			isa = XCConfigurationList;
			buildConfigurations = (
				B428389225C7920000B385FF /* Debug */,
				B428389325C7920000B385FF /* Release */,
			);
			defaultConfigurationIsVisible = 0;
			defaultConfigurationName = Release;
		};
/* End XCConfigurationList section */

/* Begin XCRemoteSwiftPackageReference section */
		9A30B24825E5262200A9C9E8 /* XCRemoteSwiftPackageReference "TMDb_Swift-core-package" */ = {
			isa = XCRemoteSwiftPackageReference;
			repositoryURL = "https://github.com/zakywisnu/TMDb_Swift-core-package.git";
			requirement = {
				kind = upToNextMajorVersion;
				minimumVersion = 1.2.7;
			};
		};
		9AA49BF1261FF98C00BDA2CD /* XCRemoteSwiftPackageReference "TMDB_Swift-Movies-Package" */ = {
			isa = XCRemoteSwiftPackageReference;
			repositoryURL = "https://github.com/zakywisnu/TMDB_Swift-Movies-Package.git";
			requirement = {
				kind = upToNextMajorVersion;
				minimumVersion = 1.2.4;
			};
		};
		9ADC92F225E249CC002E9F5D /* XCRemoteSwiftPackageReference "RxSwift" */ = {
			isa = XCRemoteSwiftPackageReference;
			repositoryURL = "https://github.com/ReactiveX/RxSwift.git";
			requirement = {
				kind = upToNextMajorVersion;
				minimumVersion = 6.1.0;
			};
		};
		B428389525C7963F00B385FF /* XCRemoteSwiftPackageReference "SDWebImageSwiftUI" */ = {
			isa = XCRemoteSwiftPackageReference;
			repositoryURL = "https://github.com/SDWebImage/SDWebImageSwiftUI";
			requirement = {
				kind = upToNextMajorVersion;
				minimumVersion = 1.5.0;
			};
		};
/* End XCRemoteSwiftPackageReference section */

/* Begin XCSwiftPackageProductDependency section */
		9A30B24925E5262200A9C9E8 /* Core */ = {
			isa = XCSwiftPackageProductDependency;
			package = 9A30B24825E5262200A9C9E8 /* XCRemoteSwiftPackageReference "TMDb_Swift-core-package" */;
			productName = Core;
		};
		9AA49BF2261FF98C00BDA2CD /* Movies */ = {
			isa = XCSwiftPackageProductDependency;
			package = 9AA49BF1261FF98C00BDA2CD /* XCRemoteSwiftPackageReference "TMDB_Swift-Movies-Package" */;
			productName = Movies;
		};
		9ADC92F325E249CC002E9F5D /* RxSwift */ = {
			isa = XCSwiftPackageProductDependency;
			package = 9ADC92F225E249CC002E9F5D /* XCRemoteSwiftPackageReference "RxSwift" */;
			productName = RxSwift;
		};
		9ADC92F525E249CC002E9F5D /* RxCocoa */ = {
			isa = XCSwiftPackageProductDependency;
			package = 9ADC92F225E249CC002E9F5D /* XCRemoteSwiftPackageReference "RxSwift" */;
			productName = RxCocoa;
		};
		B428389625C7963F00B385FF /* SDWebImageSwiftUI */ = {
			isa = XCSwiftPackageProductDependency;
			package = B428389525C7963F00B385FF /* XCRemoteSwiftPackageReference "SDWebImageSwiftUI" */;
			productName = SDWebImageSwiftUI;
		};
/* End XCSwiftPackageProductDependency section */
	};
	rootObject = B428387A25C791FE00B385FF /* Project object */;
}
